Microsoft Visual Studio Solution File, Format Version 11.00
# Visual Studio 2008

Project("{7B0A69B4-CFA5-73DA-61DA-CB4F79980512}") = "BouncyBalls", "Assembly-CSharp-firstpass.csproj", "{D10A9CA2-81C4-C225-8C07-8A9243D3A79E}"
EndProject
Project("{7B0A69B4-CFA5-73DA-61DA-CB4F79980512}") = "BouncyBalls", "Assembly-CSharp.csproj", "{330805AE-33B0-5101-9403-EAC75EF932E2}"
EndProject
Project("{7B0A69B4-CFA5-73DA-61DA-CB4F79980512}") = "BouncyBalls", "Assembly-CSharp-Editor.csproj", "{9C236D76-9950-EE2D-0B79-E89B7A8A9E39}"
EndProject
Global
	GlobalSection(SolutionConfigurationPlatforms) = preSolution
		Debug|Any CPU = Debug|Any CPU
		Release|Any CPU = Release|Any CPU
	EndGlobalSection
	GlobalSection(ProjectConfigurationPlatforms) = postSolution
		{D10A9CA2-81C4-C225-8C07-8A9243D3A79E}.Debug|Any CPU.ActiveCfg = Debug|Any CPU
		{D10A9CA2-81C4-C225-8C07-8A9243D3A79E}.Debug|Any CPU.Build.0 = Debug|Any CPU
		{D10A9CA2-81C4-C225-8C07-8A9243D3A79E}.Release|Any CPU.ActiveCfg = Release|Any CPU
		{D10A9CA2-81C4-C225-8C07-8A9243D3A79E}.Release|Any CPU.Build.0 = Release|Any CPU
		{330805AE-33B0-5101-9403-EAC75EF932E2}.Debug|Any CPU.ActiveCfg = Debug|Any CPU
		{330805AE-33B0-5101-9403-EAC75EF932E2}.Debug|Any CPU.Build.0 = Debug|Any CPU
		{330805AE-33B0-5101-9403-EAC75EF932E2}.Release|Any CPU.ActiveCfg = Release|Any CPU
		{330805AE-33B0-5101-9403-EAC75EF932E2}.Release|Any CPU.Build.0 = Release|Any CPU
		{9C236D76-9950-EE2D-0B79-E89B7A8A9E39}.Debug|Any CPU.ActiveCfg = Debug|Any CPU
		{9C236D76-9950-EE2D-0B79-E89B7A8A9E39}.Debug|Any CPU.Build.0 = Debug|Any CPU
		{9C236D76-9950-EE2D-0B79-E89B7A8A9E39}.Release|Any CPU.ActiveCfg = Release|Any CPU
		{9C236D76-9950-EE2D-0B79-E89B7A8A9E39}.Release|Any CPU.Build.0 = Release|Any CPU
	EndGlobalSection
	GlobalSection(SolutionProperties) = preSolution
		HideSolutionNode = FALSE
	EndGlobalSection
	GlobalSection(MonoDevelopProperties) = preSolution
		StartupItem = Assembly-CSharp.csproj
	EndGlobalSection
EndGlobal
